PODS:
  - NBNRequestKit (2.0.2)
  - OctoKit.swift (0.7.3):
    - NBNRequestKit (~> 2.0)

DEPENDENCIES:
  - OctoKit.swift (= 0.7.3)

SPEC CHECKSUMS:
  NBNRequestKit: 70d514748747aca66e2e2ed17340f91d5ed6d1d4
  OctoKit.swift: e1c2de583a16cce003fe2321ac0fecc3dcacc5e3

PODFILE CHECKSUM: 12b2183d219b5db6f2d69cb4aa9b2c03e77646db

COCOAPODS: 1.2.1
